
Microsoft Visual Studio Solution File, Format Version 12.00
# Visual Studio Version 17
VisualStudioVersion = 17.9.34701.34
MinimumVisualStudioVersion = 10.0.40219.1
Project("{FAE04EC0-301F-11D3-BF4B-00C04F79EFBC}") = "BaiTH1", "BaiTH1\BaiTH1.csproj", "{A2A3C003-AAB6-419A-B9EA-5577CD3DF697}"
EndProject
Project("{2150E333-8FDC-42A3-9474-1A3956D46DE8}") = "Solution Items", "Solution Items", "{592669D9-E5F1-4E25-81D4-3B41D25D64D5}"
	ProjectSection(SolutionItems) = preProject
		.editorconfig = .editorconfig
	EndProjectSection
EndProject
Global
	GlobalSection(SolutionConfigurationPlatforms) = preSolution
		Debug|Any CPU = Debug|Any CPU
		Release|Any CPU = Release|Any CPU
	EndGlobalSection
	GlobalSection(ProjectConfigurationPlatforms) = postSolution
		{A2A3C003-AAB6-419A-B9EA-5577CD3DF697}.Debug|Any CPU.ActiveCfg = Debug|Any CPU
		{A2A3C003-AAB6-419A-B9EA-5577CD3DF697}.Debug|Any CPU.Build.0 = Debug|Any CPU
		{A2A3C003-AAB6-419A-B9EA-5577CD3DF697}.Release|Any CPU.ActiveCfg = Release|Any CPU
		{A2A3C003-AAB6-419A-B9EA-5577CD3DF697}.Release|Any CPU.Build.0 = Release|Any CPU
	EndGlobalSection
	GlobalSection(SolutionProperties) = preSolution
		HideSolutionNode = FALSE
	EndGlobalSection
	GlobalSection(ExtensibilityGlobals) = postSolution
		SolutionGuid = {67F4CAE2-909B-467D-930B-58E4FE6D8A27}
	EndGlobalSection
EndGlobal
